
Microsoft Visual Studio Solution File, Format Version 12.00
# Visual Studio Version 17
VisualStudioVersion = 17.1.32210.238
MinimumVisualStudioVersion = 10.0.40219.1
Project("{FAE04EC0-301F-11D3-BF4B-00C04F79EFBC}") = "BogusLibrary", "BogusLibrary\BogusLibrary.csproj", "{D961B765-FE31-4B0C-A05C-1216B4D59529}"
EndProject
Global
	GlobalSection(SolutionConfigurationPlatforms) = preSolution
		Debug|Any CPU = Debug|Any CPU
		Release|Any CPU = Release|Any CPU
	EndGlobalSection
	GlobalSection(ProjectConfigurationPlatforms) = postSolution
		{D961B765-FE31-4B0C-A05C-1216B4D59529}.Debug|Any CPU.ActiveCfg = Debug|Any CPU
		{D961B765-FE31-4B0C-A05C-1216B4D59529}.Debug|Any CPU.Build.0 = Debug|Any CPU
		{D961B765-FE31-4B0C-A05C-1216B4D59529}.Release|Any CPU.ActiveCfg = Release|Any CPU
		{D961B765-FE31-4B0C-A05C-1216B4D59529}.Release|Any CPU.Build.0 = Release|Any CPU
	EndGlobalSection
	GlobalSection(SolutionProperties) = preSolution
		HideSolutionNode = FALSE
	EndGlobalSection
	GlobalSection(ExtensibilityGlobals) = postSolution
		SolutionGuid = {C0650CAA-2832-44A9-9565-F9D687534372}
	EndGlobalSection
EndGlobal
